
Microsoft Visual Studio Solution File, Format Version 12.00
# Visual Studio Version 17
VisualStudioVersion = 17.0.31903.59
MinimumVisualStudioVersion = 10.0.40219.1
Project("{FAE04EC0-301F-11D3-BF4B-00C04F79EFBC}") = "Buffero.Tests", "Buffero.Tests\Buffero.Tests.csproj", "{F58EAFD4-ADB9-4FF4-8773-4016286A7219}"
EndProject
Project("{FAE04EC0-301F-11D3-BF4B-00C04F79EFBC}") = "Buffero.App", "Buffero.App\Buffero.App.csproj", "{A07DBAB6-C13C-4FE7-85A4-10052B014DDA}"
EndProject
Project("{FAE04EC0-301F-11D3-BF4B-00C04F79EFBC}") = "Buffero.Core", "Buffero.Core\Buffero.Core.csproj", "{4F3F9C16-A1D8-4493-B448-512C4409D427}"
EndProject
Global
	GlobalSection(SolutionConfigurationPlatforms) = preSolution
		Debug|Any CPU = Debug|Any CPU
		Debug|x64 = Debug|x64
		Debug|x86 = Debug|x86
		Release|Any CPU = Release|Any CPU
		Release|x64 = Release|x64
		Release|x86 = Release|x86
	EndGlobalSection
	GlobalSection(ProjectConfigurationPlatforms) = postSolution
		{F58EAFD4-ADB9-4FF4-8773-4016286A7219}.Debug|Any CPU.ActiveCfg = Debug|Any CPU
		{F58EAFD4-ADB9-4FF4-8773-4016286A7219}.Debug|Any CPU.Build.0 = Debug|Any CPU
		{F58EAFD4-ADB9-4FF4-8773-4016286A7219}.Debug|x64.ActiveCfg = Debug|Any CPU
		{F58EAFD4-ADB9-4FF4-8773-4016286A7219}.Debug|x64.Build.0 = Debug|Any CPU
		{F58EAFD4-ADB9-4FF4-8773-4016286A7219}.Debug|x86.ActiveCfg = Debug|Any CPU
		{F58EAFD4-ADB9-4FF4-8773-4016286A7219}.Debug|x86.Build.0 = Debug|Any CPU
		{F58EAFD4-ADB9-4FF4-8773-4016286A7219}.Release|Any CPU.ActiveCfg = Release|Any CPU
		{F58EAFD4-ADB9-4FF4-8773-4016286A7219}.Release|Any CPU.Build.0 = Release|Any CPU
		{F58EAFD4-ADB9-4FF4-8773-4016286A7219}.Release|x64.ActiveCfg = Release|Any CPU
		{F58EAFD4-ADB9-4FF4-8773-4016286A7219}.Release|x64.Build.0 = Release|Any CPU
		{F58EAFD4-ADB9-4FF4-8773-4016286A7219}.Release|x86.ActiveCfg = Release|Any CPU
		{F58EAFD4-ADB9-4FF4-8773-4016286A7219}.Release|x86.Build.0 = Release|Any CPU
		{A07DBAB6-C13C-4FE7-85A4-10052B014DDA}.Debug|Any CPU.ActiveCfg = Debug|Any CPU
		{A07DBAB6-C13C-4FE7-85A4-10052B014DDA}.Debug|Any CPU.Build.0 = Debug|Any CPU
		{A07DBAB6-C13C-4FE7-85A4-10052B014DDA}.Debug|x64.ActiveCfg = Debug|Any CPU
		{A07DBAB6-C13C-4FE7-85A4-10052B014DDA}.Debug|x64.Build.0 = Debug|Any CPU
		{A07DBAB6-C13C-4FE7-85A4-10052B014DDA}.Debug|x86.ActiveCfg = Debug|Any CPU
		{A07DBAB6-C13C-4FE7-85A4-10052B014DDA}.Debug|x86.Build.0 = Debug|Any CPU
		{A07DBAB6-C13C-4FE7-85A4-10052B014DDA}.Release|Any CPU.ActiveCfg = Release|Any CPU
		{A07DBAB6-C13C-4FE7-85A4-10052B014DDA}.Release|Any CPU.Build.0 = Release|Any CPU
		{A07DBAB6-C13C-4FE7-85A4-10052B014DDA}.Release|x64.ActiveCfg = Release|Any CPU
		{A07DBAB6-C13C-4FE7-85A4-10052B014DDA}.Release|x64.Build.0 = Release|Any CPU
		{A07DBAB6-C13C-4FE7-85A4-10052B014DDA}.Release|x86.ActiveCfg = Release|Any CPU
		{A07DBAB6-C13C-4FE7-85A4-10052B014DDA}.Release|x86.Build.0 = Release|Any CPU
		{4F3F9C16-A1D8-4493-B448-512C4409D427}.Debug|Any CPU.ActiveCfg = Debug|Any CPU
		{4F3F9C16-A1D8-4493-B448-512C4409D427}.Debug|Any CPU.Build.0 = Debug|Any CPU
		{4F3F9C16-A1D8-4493-B448-512C4409D427}.Debug|x64.ActiveCfg = Debug|Any CPU
		{4F3F9C16-A1D8-4493-B448-512C4409D427}.Debug|x64.Build.0 = Debug|Any CPU
		{4F3F9C16-A1D8-4493-B448-512C4409D427}.Debug|x86.ActiveCfg = Debug|Any CPU
		{4F3F9C16-A1D8-4493-B448-512C4409D427}.Debug|x86.Build.0 = Debug|Any CPU
		{4F3F9C16-A1D8-4493-B448-512C4409D427}.Release|Any CPU.ActiveCfg = Release|Any CPU
		{4F3F9C16-A1D8-4493-B448-512C4409D427}.Release|Any CPU.Build.0 = Release|Any CPU
		{4F3F9C16-A1D8-4493-B448-512C4409D427}.Release|x64.ActiveCfg = Release|Any CPU
		{4F3F9C16-A1D8-4493-B448-512C4409D427}.Release|x64.Build.0 = Release|Any CPU
		{4F3F9C16-A1D8-4493-B448-512C4409D427}.Release|x86.ActiveCfg = Release|Any CPU
		{4F3F9C16-A1D8-4493-B448-512C4409D427}.Release|x86.Build.0 = Release|Any CPU
	EndGlobalSection
	GlobalSection(SolutionProperties) = preSolution
		HideSolutionNode = FALSE
	EndGlobalSection
EndGlobal
